<?xml version="1.0" encoding="UTF-8" standalone="yes" ?>
<CodeBlocks_project_file>
	<FileVersion major="1" minor="6" />
	<Project>
		<Option title="atkv" />
		<Option makefile_is_custom="1" />
		<Option execution_dir="unity" />
		<Option pch_mode="2" />
		<Option compiler="gcc" />
		<Build>
			<Target title="Debug">
				<Option output="unity/all_tests" prefix_auto="1" extension_auto="1" />
				<Option working_dir="unity" />
				<Option object_output="obj/Debug/" />
				<Option type="1" />
				<Option compiler="gcc" />
				<Compiler>
					<Add option="-g" />
					<Add directory="lib" />
					<Add directory="src" />
					<Add directory="unity" />
				</Compiler>
				<Linker>
					<Add library="jpeg" />
					<Add library="v4l2" />
				</Linker>
			</Target>
			<Target title="Release">
				<Option output="bin/Release/atkv" prefix_auto="1" extension_auto="1" />
				<Option object_output="obj/Release/" />
				<Option type="1" />
				<Option compiler="gcc" />
				<Compiler>
					<Add option="-O2" />
				</Compiler>
				<Linker>
					<Add option="-s" />
					<Add library="jpeg" />
					<Add library="v4l2" />
				</Linker>
			</Target>
		</Build>
		<Compiler>
			<Add option="-Wall" />
		</Compiler>
		<Unit filename="include/atcamera.h" />
		<Unit filename="include/atcores.h" />
		<Unit filename="include/atimagem.h" />
		<Unit filename="include/atvideo.h" />
		<Unit filename="src/atcamera.c">
			<Option compilerVar="CC" />
		</Unit>
		<Unit filename="src/atimagem.c">
			<Option compilerVar="CC" />
		</Unit>
		<Unit filename="src/atvideo.c">
			<Option compilerVar="CC" />
		</Unit>
		<Unit filename="unity/Makefile" />
		<Unit filename="unity/testImagem.h" />
		<Unit filename="unity/testeCamera.c">
			<Option compilerVar="CC" />
		</Unit>
		<Unit filename="unity/testeCameraRunner.c">
			<Option compilerVar="CC" />
		</Unit>
		<Unit filename="unity/testeImagem.c">
			<Option compilerVar="CC" />
		</Unit>
		<Unit filename="unity/testeImagemRunner.c">
			<Option compilerVar="CC" />
		</Unit>
		<Unit filename="unity/testeTudo.c">
			<Option compilerVar="CC" />
		</Unit>
		<Unit filename="unity/testeVideo.c">
			<Option compilerVar="CC" />
		</Unit>
		<Unit filename="unity/testeVideoRunner.c">
			<Option compilerVar="CC" />
		</Unit>
		<Extensions>
			<envvars />
			<code_completion />
			<debugger />
			<lib_finder disable_auto="1" />
		</Extensions>
	</Project>
</CodeBlocks_project_file>
